github.com/advanced-go/core v0.0.0-20231115175318-7cd120c33f6c h1:rXOwXXMnGjtfYn5RAizuvMxsReFCy9zVnmjOAltt2ac=
github.com/advanced-go/core v0.0.0-20231115175318-7cd120c33f6c/go.mod h1:p58Ll2RUpEOeraoKxazyJpiPkWZelINYxxkcwCtwjUE=
github.com/advanced-go/example-domain v0.0.0-20231115181735-c1e147637e88 h1:zVo3p0Sy7NMzaCdVm9k9TbCWiGOnA1nyHwfPXLMlQ/U=
github.com/advanced-go/example-domain v0.0.0-20231115181735-c1e147637e88/go.mod h1:RtqT8ssTZXTQCSy0ulRd4b7nGpKScZAiCTKOwcLdoKk=
