github.com/go-ai-agent/core v0.0.0-20231106183840-af56aa0e8ad1 h1:9FjHGMPc7dWnXFuFK6iv/72MWbmf5JrStz88gKsuku4=
github.com/go-ai-agent/core v0.0.0-20231106183840-af56aa0e8ad1/go.mod h1:K25Nm1JSMCfyivjVFcEzXpKQGXa8a/pIHiWaRbXzqYg=
github.com/go-ai-agent/example-domain v0.0.0-20231106202739-d26c16055d04 h1:zOdkUy1Vu9tMsqXJysQKAkGFIXcShwza37OyNvegGIU=
github.com/go-ai-agent/example-domain v0.0.0-20231106202739-d26c16055d04/go.mod h1:uGh5eLkREukw7Is7Jc2ky4Zxbgt1zzftblqTghvCOuM=
github.com/google/uuid v1.3.0 h1:t6JiXgmwXMjEs8VusXIJk2BXHsn+wx8BZdTaoZ5fu7I=
github.com/google/uuid v1.3.0/go.mod h1:TIyPZe4MgqvfeYDBFedMoGGpEw/LqOeaOT+nhxU+yHo=
