github.com/advanced-go/core v0.0.0-20240115121009-f8b57ab58ca3 h1:2dUq+k+L9ej106nrrPvK07vK0/2FISllVWzsLaPV2c8=
github.com/advanced-go/core v0.0.0-20240115121009-f8b57ab58ca3/go.mod h1:p58Ll2RUpEOeraoKxazyJpiPkWZelINYxxkcwCtwjUE=
github.com/advanced-go/example-agent v0.0.0-20240115124737-5656f65d3175 h1:3CAREu9Du16m7g0zjs6VjOnxq/g2ULU770UBfpbQah4=
github.com/advanced-go/example-agent v0.0.0-20240115124737-5656f65d3175/go.mod h1:tk636pagS9fFYFIS7gYoZ02QD2VlRuEy5FZbGXpUHxs=
github.com/advanced-go/example-domain v0.0.0-20240115124151-91fe3e6339d3 h1:2oI97mzXOaxr1vFTfHv7vfVeXlOEtWISuSICSr+2aiw=
github.com/advanced-go/example-domain v0.0.0-20240115124151-91fe3e6339d3/go.mod h1:PrRihE0QYq9NPRxnitmUZzN/IAn/xvoEo8zIv9jR6Cw=
github.com/felixge/httpsnoop v1.0.4 h1:NFTV2Zj1bL4mc9sqWACXbQFVBBg2W3GPvqp8/ESS2Wg=
github.com/felixge/httpsnoop v1.0.4/go.mod h1:m8KPJKqk1gH5J9DgRY2ASl2lWCfGKXixSwevea8zH2U=
github.com/google/uuid v1.4.0 h1:MtMxsa51/r9yyhkyLsVeVt0B+BGQZzpQiTQ4eHZ8bc4=
github.com/google/uuid v1.4.0/go.mod h1:TIyPZe4MgqvfeYDBFedMoGGpEw/LqOeaOT+nhxU+yHo=
